
Microsoft Visual Studio Solution File, Format Version 12.00
# Visual Studio 2012
Project("{FAE04EC0-301F-11D3-BF4B-00C04F79EFBC}") = "PulsarDemo", "PulsarDemo\PulsarDemo\PulsarDemo.csproj", "{215EF757-8C18-4A16-9409-2E5A8D2DECF4}"
EndProject
Project("{FAE04EC0-301F-11D3-BF4B-00C04F79EFBC}") = "PulsarDemoContent", "PulsarDemo\PulsarDemoContent\PulsarDemoContent.contentproj", "{D8810C17-E17E-4875-85B2-40225B128F8C}"
EndProject
Project("{FAE04EC0-301F-11D3-BF4B-00C04F79EFBC}") = "PulsarContent", "PulsarContent\PulsarContent.contentproj", "{46175482-6368-40F3-82D6-EEE05C59C09C}"
EndProject
Project("{FAE04EC0-301F-11D3-BF4B-00C04F79EFBC}") = "PulsarDemo Xbox 360", "PulsarDemo\PulsarDemo\PulsarDemo Xbox 360.csproj", "{BEC1D095-FE64-40FB-90F1-A4F6C8FBEC4B}"
EndProject
Global
	GlobalSection(SolutionConfigurationPlatforms) = preSolution
		Debug|Any CPU = Debug|Any CPU
		Debug|Mixed Platforms = Debug|Mixed Platforms
		Debug|x86 = Debug|x86
		Debug|Xbox 360 = Debug|Xbox 360
		Release|Any CPU = Release|Any CPU
		Release|Mixed Platforms = Release|Mixed Platforms
		Release|x86 = Release|x86
		Release|Xbox 360 = Release|Xbox 360
	EndGlobalSection
	GlobalSection(ProjectConfigurationPlatforms) = postSolution
		{215EF757-8C18-4A16-9409-2E5A8D2DECF4}.Debug|Any CPU.ActiveCfg = Debug|x86
		{215EF757-8C18-4A16-9409-2E5A8D2DECF4}.Debug|Mixed Platforms.ActiveCfg = Debug|x86
		{215EF757-8C18-4A16-9409-2E5A8D2DECF4}.Debug|Mixed Platforms.Build.0 = Debug|x86
		{215EF757-8C18-4A16-9409-2E5A8D2DECF4}.Debug|x86.ActiveCfg = Debug|x86
		{215EF757-8C18-4A16-9409-2E5A8D2DECF4}.Debug|x86.Build.0 = Debug|x86
		{215EF757-8C18-4A16-9409-2E5A8D2DECF4}.Debug|Xbox 360.ActiveCfg = Debug|x86
		{215EF757-8C18-4A16-9409-2E5A8D2DECF4}.Debug|Xbox 360.Build.0 = Debug|x86
		{215EF757-8C18-4A16-9409-2E5A8D2DECF4}.Release|Any CPU.ActiveCfg = Release|x86
		{215EF757-8C18-4A16-9409-2E5A8D2DECF4}.Release|Mixed Platforms.ActiveCfg = Release|x86
		{215EF757-8C18-4A16-9409-2E5A8D2DECF4}.Release|Mixed Platforms.Build.0 = Release|x86
		{215EF757-8C18-4A16-9409-2E5A8D2DECF4}.Release|x86.ActiveCfg = Release|x86
		{215EF757-8C18-4A16-9409-2E5A8D2DECF4}.Release|x86.Build.0 = Release|x86
		{215EF757-8C18-4A16-9409-2E5A8D2DECF4}.Release|Xbox 360.ActiveCfg = Release|x86
		{215EF757-8C18-4A16-9409-2E5A8D2DECF4}.Release|Xbox 360.Build.0 = Release|x86
		{D8810C17-E17E-4875-85B2-40225B128F8C}.Debug|Any CPU.ActiveCfg = Debug|x86
		{D8810C17-E17E-4875-85B2-40225B128F8C}.Debug|Mixed Platforms.ActiveCfg = Debug|x86
		{D8810C17-E17E-4875-85B2-40225B128F8C}.Debug|x86.ActiveCfg = Debug|x86
		{D8810C17-E17E-4875-85B2-40225B128F8C}.Debug|Xbox 360.ActiveCfg = Debug|x86
		{D8810C17-E17E-4875-85B2-40225B128F8C}.Release|Any CPU.ActiveCfg = Release|x86
		{D8810C17-E17E-4875-85B2-40225B128F8C}.Release|Mixed Platforms.ActiveCfg = Release|x86
		{D8810C17-E17E-4875-85B2-40225B128F8C}.Release|x86.ActiveCfg = Release|x86
		{D8810C17-E17E-4875-85B2-40225B128F8C}.Release|Xbox 360.ActiveCfg = Release|x86
		{46175482-6368-40F3-82D6-EEE05C59C09C}.Debug|Any CPU.ActiveCfg = Debug|Any CPU
		{46175482-6368-40F3-82D6-EEE05C59C09C}.Debug|Mixed Platforms.ActiveCfg = Debug|Any CPU
		{46175482-6368-40F3-82D6-EEE05C59C09C}.Debug|x86.ActiveCfg = Debug|Any CPU
		{46175482-6368-40F3-82D6-EEE05C59C09C}.Debug|Xbox 360.ActiveCfg = Debug|Any CPU
		{46175482-6368-40F3-82D6-EEE05C59C09C}.Release|Any CPU.ActiveCfg = Debug|Any CPU
		{46175482-6368-40F3-82D6-EEE05C59C09C}.Release|Mixed Platforms.ActiveCfg = Debug|Any CPU
		{46175482-6368-40F3-82D6-EEE05C59C09C}.Release|x86.ActiveCfg = Debug|Any CPU
		{46175482-6368-40F3-82D6-EEE05C59C09C}.Release|Xbox 360.ActiveCfg = Debug|Any CPU
		{BEC1D095-FE64-40FB-90F1-A4F6C8FBEC4B}.Debug|Any CPU.ActiveCfg = Debug|Xbox 360
		{BEC1D095-FE64-40FB-90F1-A4F6C8FBEC4B}.Debug|Mixed Platforms.ActiveCfg = Debug|Xbox 360
		{BEC1D095-FE64-40FB-90F1-A4F6C8FBEC4B}.Debug|Mixed Platforms.Build.0 = Debug|Xbox 360
		{BEC1D095-FE64-40FB-90F1-A4F6C8FBEC4B}.Debug|x86.ActiveCfg = Debug|Xbox 360
		{BEC1D095-FE64-40FB-90F1-A4F6C8FBEC4B}.Debug|Xbox 360.ActiveCfg = Debug|Xbox 360
		{BEC1D095-FE64-40FB-90F1-A4F6C8FBEC4B}.Debug|Xbox 360.Build.0 = Debug|Xbox 360
		{BEC1D095-FE64-40FB-90F1-A4F6C8FBEC4B}.Debug|Xbox 360.Deploy.0 = Debug|Xbox 360
		{BEC1D095-FE64-40FB-90F1-A4F6C8FBEC4B}.Release|Any CPU.ActiveCfg = Release|Xbox 360
		{BEC1D095-FE64-40FB-90F1-A4F6C8FBEC4B}.Release|Mixed Platforms.ActiveCfg = Release|Xbox 360
		{BEC1D095-FE64-40FB-90F1-A4F6C8FBEC4B}.Release|Mixed Platforms.Build.0 = Release|Xbox 360
		{BEC1D095-FE64-40FB-90F1-A4F6C8FBEC4B}.Release|Mixed Platforms.Deploy.0 = Release|Xbox 360
		{BEC1D095-FE64-40FB-90F1-A4F6C8FBEC4B}.Release|x86.ActiveCfg = Release|Xbox 360
		{BEC1D095-FE64-40FB-90F1-A4F6C8FBEC4B}.Release|Xbox 360.ActiveCfg = Release|Xbox 360
		{BEC1D095-FE64-40FB-90F1-A4F6C8FBEC4B}.Release|Xbox 360.Build.0 = Release|Xbox 360
		{BEC1D095-FE64-40FB-90F1-A4F6C8FBEC4B}.Release|Xbox 360.Deploy.0 = Release|Xbox 360
	EndGlobalSection
	GlobalSection(SolutionProperties) = preSolution
		HideSolutionNode = FALSE
	EndGlobalSection
EndGlobal
