
Microsoft Visual Studio Solution File, Format Version 12.00
# Visual Studio 2012
Project("{FAE04EC0-301F-11D3-BF4B-00C04F79EFBC}") = "Pulsar", "Pulsar\Pulsar.csproj", "{2323EEAF-3931-4685-B3AB-91FD67BAD3F0}"
EndProject
Project("{FAE04EC0-301F-11D3-BF4B-00C04F79EFBC}") = "PulsarPipeline", "PulsarPipeline\PulsarPipeline.csproj", "{601008E0-0394-4AAC-914A-E714A7D127BF}"
EndProject
Project("{FAE04EC0-301F-11D3-BF4B-00C04F79EFBC}") = "PulsarContent", "PulsarContent\PulsarContent.contentproj", "{46175482-6368-40F3-82D6-EEE05C59C09C}"
EndProject
Project("{FAE04EC0-301F-11D3-BF4B-00C04F79EFBC}") = "PulsarDemo", "PulsarDemo\PulsarDemo\PulsarDemo.csproj", "{5E3FB8EB-051C-4812-8E87-9BCDC6116DD2}"
EndProject
Project("{FAE04EC0-301F-11D3-BF4B-00C04F79EFBC}") = "PulsarDemoContent", "PulsarDemo\PulsarDemoContent\PulsarDemoContent.contentproj", "{9026F7C5-04FC-4E33-846D-0191FE23291D}"
EndProject
Project("{FAE04EC0-301F-11D3-BF4B-00C04F79EFBC}") = "Pulsar Xbox 360", "Pulsar\Pulsar Xbox 360.csproj", "{6E976DD2-40A8-44F2-A661-5E1604A8A6E7}"
EndProject
Project("{FAE04EC0-301F-11D3-BF4B-00C04F79EFBC}") = "PulsarRuntime", "PulsarRuntime\PulsarRuntime.csproj", "{266852A9-B8D8-48D3-8533-0A6E981894A1}"
EndProject
Project("{FAE04EC0-301F-11D3-BF4B-00C04F79EFBC}") = "PulsarRuntime Xbox 360", "PulsarRuntime\PulsarRuntime Xbox 360.csproj", "{7E857BC8-D357-43E1-91C3-863EB2D19B49}"
EndProject
Global
	GlobalSection(SolutionConfigurationPlatforms) = preSolution
		Debug|Any CPU = Debug|Any CPU
		Debug|Mixed Platforms = Debug|Mixed Platforms
		Debug|x86 = Debug|x86
		Debug|Xbox 360 = Debug|Xbox 360
		Release|Any CPU = Release|Any CPU
		Release|Mixed Platforms = Release|Mixed Platforms
		Release|x86 = Release|x86
		Release|Xbox 360 = Release|Xbox 360
	EndGlobalSection
	GlobalSection(ProjectConfigurationPlatforms) = postSolution
		{2323EEAF-3931-4685-B3AB-91FD67BAD3F0}.Debug|Any CPU.ActiveCfg = Debug|x86
		{2323EEAF-3931-4685-B3AB-91FD67BAD3F0}.Debug|Any CPU.Build.0 = Debug|x86
		{2323EEAF-3931-4685-B3AB-91FD67BAD3F0}.Debug|Mixed Platforms.ActiveCfg = Debug|x86
		{2323EEAF-3931-4685-B3AB-91FD67BAD3F0}.Debug|Mixed Platforms.Build.0 = Debug|x86
		{2323EEAF-3931-4685-B3AB-91FD67BAD3F0}.Debug|x86.ActiveCfg = Debug|x86
		{2323EEAF-3931-4685-B3AB-91FD67BAD3F0}.Debug|x86.Build.0 = Debug|x86
		{2323EEAF-3931-4685-B3AB-91FD67BAD3F0}.Debug|Xbox 360.ActiveCfg = Debug|x86
		{2323EEAF-3931-4685-B3AB-91FD67BAD3F0}.Debug|Xbox 360.Build.0 = Debug|x86
		{2323EEAF-3931-4685-B3AB-91FD67BAD3F0}.Release|Any CPU.ActiveCfg = Release|x86
		{2323EEAF-3931-4685-B3AB-91FD67BAD3F0}.Release|Mixed Platforms.ActiveCfg = Release|x86
		{2323EEAF-3931-4685-B3AB-91FD67BAD3F0}.Release|Mixed Platforms.Build.0 = Release|x86
		{2323EEAF-3931-4685-B3AB-91FD67BAD3F0}.Release|x86.ActiveCfg = Release|x86
		{2323EEAF-3931-4685-B3AB-91FD67BAD3F0}.Release|x86.Build.0 = Release|x86
		{2323EEAF-3931-4685-B3AB-91FD67BAD3F0}.Release|Xbox 360.ActiveCfg = Release|x86
		{2323EEAF-3931-4685-B3AB-91FD67BAD3F0}.Release|Xbox 360.Build.0 = Release|x86
		{601008E0-0394-4AAC-914A-E714A7D127BF}.Debug|Any CPU.ActiveCfg = Debug|x86
		{601008E0-0394-4AAC-914A-E714A7D127BF}.Debug|Any CPU.Build.0 = Debug|x86
		{601008E0-0394-4AAC-914A-E714A7D127BF}.Debug|Mixed Platforms.ActiveCfg = Debug|x86
		{601008E0-0394-4AAC-914A-E714A7D127BF}.Debug|Mixed Platforms.Build.0 = Debug|x86
		{601008E0-0394-4AAC-914A-E714A7D127BF}.Debug|x86.ActiveCfg = Debug|x86
		{601008E0-0394-4AAC-914A-E714A7D127BF}.Debug|x86.Build.0 = Debug|x86
		{601008E0-0394-4AAC-914A-E714A7D127BF}.Debug|Xbox 360.ActiveCfg = Debug|x86
		{601008E0-0394-4AAC-914A-E714A7D127BF}.Debug|Xbox 360.Build.0 = Debug|x86
		{601008E0-0394-4AAC-914A-E714A7D127BF}.Release|Any CPU.ActiveCfg = Debug|x86
		{601008E0-0394-4AAC-914A-E714A7D127BF}.Release|Any CPU.Build.0 = Debug|x86
		{601008E0-0394-4AAC-914A-E714A7D127BF}.Release|Mixed Platforms.ActiveCfg = Debug|x86
		{601008E0-0394-4AAC-914A-E714A7D127BF}.Release|Mixed Platforms.Build.0 = Debug|x86
		{601008E0-0394-4AAC-914A-E714A7D127BF}.Release|x86.ActiveCfg = Debug|x86
		{601008E0-0394-4AAC-914A-E714A7D127BF}.Release|x86.Build.0 = Debug|x86
		{601008E0-0394-4AAC-914A-E714A7D127BF}.Release|Xbox 360.ActiveCfg = Debug|x86
		{601008E0-0394-4AAC-914A-E714A7D127BF}.Release|Xbox 360.Build.0 = Debug|x86
		{46175482-6368-40F3-82D6-EEE05C59C09C}.Debug|Any CPU.ActiveCfg = Debug|Any CPU
		{46175482-6368-40F3-82D6-EEE05C59C09C}.Debug|Mixed Platforms.ActiveCfg = Debug|Any CPU
		{46175482-6368-40F3-82D6-EEE05C59C09C}.Debug|x86.ActiveCfg = Debug|Any CPU
		{46175482-6368-40F3-82D6-EEE05C59C09C}.Debug|Xbox 360.ActiveCfg = Debug|Any CPU
		{46175482-6368-40F3-82D6-EEE05C59C09C}.Release|Any CPU.ActiveCfg = Debug|Any CPU
		{46175482-6368-40F3-82D6-EEE05C59C09C}.Release|Mixed Platforms.ActiveCfg = Debug|Any CPU
		{46175482-6368-40F3-82D6-EEE05C59C09C}.Release|x86.ActiveCfg = Debug|Any CPU
		{46175482-6368-40F3-82D6-EEE05C59C09C}.Release|Xbox 360.ActiveCfg = Debug|Any CPU
		{5E3FB8EB-051C-4812-8E87-9BCDC6116DD2}.Debug|Any CPU.ActiveCfg = Debug|x86
		{5E3FB8EB-051C-4812-8E87-9BCDC6116DD2}.Debug|Any CPU.Build.0 = Debug|x86
		{5E3FB8EB-051C-4812-8E87-9BCDC6116DD2}.Debug|Mixed Platforms.ActiveCfg = Debug|x86
		{5E3FB8EB-051C-4812-8E87-9BCDC6116DD2}.Debug|Mixed Platforms.Build.0 = Debug|x86
		{5E3FB8EB-051C-4812-8E87-9BCDC6116DD2}.Debug|x86.ActiveCfg = Debug|x86
		{5E3FB8EB-051C-4812-8E87-9BCDC6116DD2}.Debug|x86.Build.0 = Debug|x86
		{5E3FB8EB-051C-4812-8E87-9BCDC6116DD2}.Debug|Xbox 360.ActiveCfg = Debug|x86
		{5E3FB8EB-051C-4812-8E87-9BCDC6116DD2}.Debug|Xbox 360.Build.0 = Debug|x86
		{5E3FB8EB-051C-4812-8E87-9BCDC6116DD2}.Release|Any CPU.ActiveCfg = Release|x86
		{5E3FB8EB-051C-4812-8E87-9BCDC6116DD2}.Release|Mixed Platforms.ActiveCfg = Release|x86
		{5E3FB8EB-051C-4812-8E87-9BCDC6116DD2}.Release|Mixed Platforms.Build.0 = Release|x86
		{5E3FB8EB-051C-4812-8E87-9BCDC6116DD2}.Release|x86.ActiveCfg = Release|x86
		{5E3FB8EB-051C-4812-8E87-9BCDC6116DD2}.Release|x86.Build.0 = Release|x86
		{5E3FB8EB-051C-4812-8E87-9BCDC6116DD2}.Release|Xbox 360.ActiveCfg = Release|x86
		{5E3FB8EB-051C-4812-8E87-9BCDC6116DD2}.Release|Xbox 360.Build.0 = Release|x86
		{9026F7C5-04FC-4E33-846D-0191FE23291D}.Debug|Any CPU.ActiveCfg = Debug|x86
		{9026F7C5-04FC-4E33-846D-0191FE23291D}.Debug|Mixed Platforms.ActiveCfg = Debug|x86
		{9026F7C5-04FC-4E33-846D-0191FE23291D}.Debug|x86.ActiveCfg = Debug|x86
		{9026F7C5-04FC-4E33-846D-0191FE23291D}.Debug|Xbox 360.ActiveCfg = Debug|x86
		{9026F7C5-04FC-4E33-846D-0191FE23291D}.Release|Any CPU.ActiveCfg = Release|x86
		{9026F7C5-04FC-4E33-846D-0191FE23291D}.Release|Mixed Platforms.ActiveCfg = Release|x86
		{9026F7C5-04FC-4E33-846D-0191FE23291D}.Release|x86.ActiveCfg = Release|x86
		{9026F7C5-04FC-4E33-846D-0191FE23291D}.Release|Xbox 360.ActiveCfg = Release|x86
		{6E976DD2-40A8-44F2-A661-5E1604A8A6E7}.Debug|Any CPU.ActiveCfg = Debug|Xbox 360
		{6E976DD2-40A8-44F2-A661-5E1604A8A6E7}.Debug|Mixed Platforms.ActiveCfg = Debug|Xbox 360
		{6E976DD2-40A8-44F2-A661-5E1604A8A6E7}.Debug|Mixed Platforms.Build.0 = Debug|Xbox 360
		{6E976DD2-40A8-44F2-A661-5E1604A8A6E7}.Debug|x86.ActiveCfg = Debug|Xbox 360
		{6E976DD2-40A8-44F2-A661-5E1604A8A6E7}.Debug|Xbox 360.ActiveCfg = Debug|Xbox 360
		{6E976DD2-40A8-44F2-A661-5E1604A8A6E7}.Debug|Xbox 360.Build.0 = Debug|Xbox 360
		{6E976DD2-40A8-44F2-A661-5E1604A8A6E7}.Release|Any CPU.ActiveCfg = Release|Xbox 360
		{6E976DD2-40A8-44F2-A661-5E1604A8A6E7}.Release|Mixed Platforms.ActiveCfg = Release|Xbox 360
		{6E976DD2-40A8-44F2-A661-5E1604A8A6E7}.Release|Mixed Platforms.Build.0 = Release|Xbox 360
		{6E976DD2-40A8-44F2-A661-5E1604A8A6E7}.Release|x86.ActiveCfg = Release|Xbox 360
		{6E976DD2-40A8-44F2-A661-5E1604A8A6E7}.Release|Xbox 360.ActiveCfg = Release|Xbox 360
		{6E976DD2-40A8-44F2-A661-5E1604A8A6E7}.Release|Xbox 360.Build.0 = Release|Xbox 360
		{266852A9-B8D8-48D3-8533-0A6E981894A1}.Debug|Any CPU.ActiveCfg = Debug|x86
		{266852A9-B8D8-48D3-8533-0A6E981894A1}.Debug|Mixed Platforms.ActiveCfg = Debug|x86
		{266852A9-B8D8-48D3-8533-0A6E981894A1}.Debug|Mixed Platforms.Build.0 = Debug|x86
		{266852A9-B8D8-48D3-8533-0A6E981894A1}.Debug|x86.ActiveCfg = Debug|x86
		{266852A9-B8D8-48D3-8533-0A6E981894A1}.Debug|x86.Build.0 = Debug|x86
		{266852A9-B8D8-48D3-8533-0A6E981894A1}.Debug|Xbox 360.ActiveCfg = Debug|x86
		{266852A9-B8D8-48D3-8533-0A6E981894A1}.Release|Any CPU.ActiveCfg = Release|x86
		{266852A9-B8D8-48D3-8533-0A6E981894A1}.Release|Mixed Platforms.ActiveCfg = Release|x86
		{266852A9-B8D8-48D3-8533-0A6E981894A1}.Release|Mixed Platforms.Build.0 = Release|x86
		{266852A9-B8D8-48D3-8533-0A6E981894A1}.Release|x86.ActiveCfg = Release|x86
		{266852A9-B8D8-48D3-8533-0A6E981894A1}.Release|x86.Build.0 = Release|x86
		{266852A9-B8D8-48D3-8533-0A6E981894A1}.Release|Xbox 360.ActiveCfg = Release|x86
		{7E857BC8-D357-43E1-91C3-863EB2D19B49}.Debug|Any CPU.ActiveCfg = Debug|Xbox 360
		{7E857BC8-D357-43E1-91C3-863EB2D19B49}.Debug|Mixed Platforms.ActiveCfg = Debug|Xbox 360
		{7E857BC8-D357-43E1-91C3-863EB2D19B49}.Debug|Mixed Platforms.Build.0 = Debug|Xbox 360
		{7E857BC8-D357-43E1-91C3-863EB2D19B49}.Debug|x86.ActiveCfg = Debug|Xbox 360
		{7E857BC8-D357-43E1-91C3-863EB2D19B49}.Debug|Xbox 360.ActiveCfg = Debug|Xbox 360
		{7E857BC8-D357-43E1-91C3-863EB2D19B49}.Debug|Xbox 360.Build.0 = Debug|Xbox 360
		{7E857BC8-D357-43E1-91C3-863EB2D19B49}.Release|Any CPU.ActiveCfg = Release|Xbox 360
		{7E857BC8-D357-43E1-91C3-863EB2D19B49}.Release|Mixed Platforms.ActiveCfg = Release|Xbox 360
		{7E857BC8-D357-43E1-91C3-863EB2D19B49}.Release|Mixed Platforms.Build.0 = Release|Xbox 360
		{7E857BC8-D357-43E1-91C3-863EB2D19B49}.Release|x86.ActiveCfg = Release|Xbox 360
		{7E857BC8-D357-43E1-91C3-863EB2D19B49}.Release|Xbox 360.ActiveCfg = Release|Xbox 360
		{7E857BC8-D357-43E1-91C3-863EB2D19B49}.Release|Xbox 360.Build.0 = Release|Xbox 360
	EndGlobalSection
	GlobalSection(SolutionProperties) = preSolution
		HideSolutionNode = FALSE
	EndGlobalSection
EndGlobal
